<?xml version="1.0" encoding="utf-8"?>
<Project ToolsVersion="4.0" xmlns="http://schemas.microsoft.com/developer/msbuild/2003">
  <ItemGroup>
    <Filter Include="External">
      <UniqueIdentifier>{67DA6AB6-F800-4c08-8B7A-83BB121AAD01}</UniqueIdentifier>
      <Extensions>rc;ico;cur;bmp;dlg;rc2;rct;bin;rgs;gif;jpg;jpeg;jpe;resx;tiff;tif;png;wav;mfcribbon-ms</Extensions>
    </Filter>
    <Filter Include="Source">
      <UniqueIdentifier>{4FC737F1-C7A5-4376-A066-2A32D752A2FF}</UniqueIdentifier>
      <Extensions>cpp;c;cc;cxx;def;odl;idl;hpj;bat;asm;asmx</Extensions>
    </Filter>
    <Filter Include="External\imgui-docking">
      <UniqueIdentifier>{c85446c9-90d2-4441-add5-5aac511d95ce}</UniqueIdentifier>
    </Filter>
    <Filter Include="Shader">
      <UniqueIdentifier>{9f64f4ff-d9e0-43d7-88e1-13e6d3656a89}</UniqueIdentifier>
      <Extensions>hlsl;hlsli</Extensions>
    </Filter>
    <Filter Include="Source\System">
      <UniqueIdentifier>{bdca9bd5-7c86-4bde-986d-9cf51f91eb5a}</UniqueIdentifier>
    </Filter>
  </ItemGroup>
  <ItemGroup>
    <ClInclude Include="External\imgui-docking\imconfig.h">
      <Filter>External\imgui-docking</Filter>
    </ClInclude>
    <ClInclude Include="External\imgui-docking\imgui.h">
      <Filter>External\imgui-docking</Filter>
    </ClInclude>
    <ClInclude Include="External\imgui-docking\imgui_impl_dx11.h">
      <Filter>External\imgui-docking</Filter>
    </ClInclude>
    <ClInclude Include="External\imgui-docking\imgui_impl_win32.h">
      <Filter>External\imgui-docking</Filter>
    </ClInclude>
    <ClInclude Include="External\imgui-docking\imgui_internal.h">
      <Filter>External\imgui-docking</Filter>
    </ClInclude>
    <ClInclude Include="External\imgui-docking\imstb_rectpack.h">
      <Filter>External\imgui-docking</Filter>
    </ClInclude>
    <ClInclude Include="External\imgui-docking\imstb_textedit.h">
      <Filter>External\imgui-docking</Filter>
    </ClInclude>
    <ClInclude Include="External\imgui-docking\imstb_truetype.h">
      <Filter>External\imgui-docking</Filter>
    </ClInclude>
    <ClInclude Include="Source\Camera.h">
      <Filter>Source</Filter>
    </ClInclude>
    <ClInclude Include="Source\CameraController.h">
      <Filter>Source</Filter>
    </ClInclude>
    <ClInclude Include="Source\Character.h">
      <Filter>Source</Filter>
    </ClInclude>
    <ClInclude Include="Source\Collision.h">
      <Filter>Source</Filter>
    </ClInclude>
    <ClInclude Include="Source\Framework.h">
      <Filter>Source</Filter>
    </ClInclude>
    <ClInclude Include="Source\Map.h">
      <Filter>Source</Filter>
    </ClInclude>
    <ClInclude Include="Source\MapManager.h">
      <Filter>Source</Filter>
    </ClInclude>
    <ClInclude Include="Source\Mouse.h">
      <Filter>Source</Filter>
    </ClInclude>
    <ClInclude Include="Source\Normal_Tile.h">
      <Filter>Source</Filter>
    </ClInclude>
    <ClInclude Include="Source\Scene.h">
      <Filter>Source</Filter>
    </ClInclude>
    <ClInclude Include="Source\SceneGame.h">
      <Filter>Source</Filter>
    </ClInclude>
    <ClInclude Include="Source\SceneManager.h">
      <Filter>Source</Filter>
    </ClInclude>
    <ClInclude Include="Source\SceneSelect.h">
      <Filter>Source</Filter>
    </ClInclude>
    <ClInclude Include="Source\SceneTitle.h">
      <Filter>Source</Filter>
    </ClInclude>
    <ClInclude Include="Source\Stage.h">
      <Filter>Source</Filter>
    </ClInclude>
    <ClInclude Include="Source\Tile.h">
      <Filter>Source</Filter>
    </ClInclude>
    <ClInclude Include="Source\System\Audio.h">
      <Filter>Source\System</Filter>
    </ClInclude>
    <ClInclude Include="Source\System\AudioResource.h">
      <Filter>Source\System</Filter>
    </ClInclude>
    <ClInclude Include="Source\System\AudioSource.h">
      <Filter>Source\System</Filter>
    </ClInclude>
    <ClInclude Include="Source\System\BasicShader.h">
      <Filter>Source\System</Filter>
    </ClInclude>
    <ClInclude Include="Source\System\GamePad.h">
      <Filter>Source\System</Filter>
    </ClInclude>
    <ClInclude Include="Source\System\GpuResourceUtils.h">
      <Filter>Source\System</Filter>
    </ClInclude>
    <ClInclude Include="Source\System\Graphics.h">
      <Filter>Source\System</Filter>
    </ClInclude>
    <ClInclude Include="Source\System\HighResolutionTimer.h">
      <Filter>Source\System</Filter>
    </ClInclude>
    <ClInclude Include="Source\System\ImGuiRenderer.h">
      <Filter>Source\System</Filter>
    </ClInclude>
    <ClInclude Include="Source\System\Input.h">
      <Filter>Source\System</Filter>
    </ClInclude>
    <ClInclude Include="Source\System\LambertShader.h">
      <Filter>Source\System</Filter>
    </ClInclude>
    <ClInclude Include="Source\System\Misc.h">
      <Filter>Source\System</Filter>
    </ClInclude>
    <ClInclude Include="Source\System\Model.h">
      <Filter>Source\System</Filter>
    </ClInclude>
    <ClInclude Include="Source\System\ModelRenderer.h">
      <Filter>Source\System</Filter>
    </ClInclude>
    <ClInclude Include="Source\System\ModelResource.h">
      <Filter>Source\System</Filter>
    </ClInclude>
    <ClInclude Include="Source\System\Mouse.h">
      <Filter>Source\System</Filter>
    </ClInclude>
    <ClInclude Include="Source\System\RenderContext.h">
      <Filter>Source\System</Filter>
    </ClInclude>
    <ClInclude Include="Source\System\RenderState.h">
      <Filter>Source\System</Filter>
    </ClInclude>
    <ClInclude Include="Source\System\Shader.h">
      <Filter>Source\System</Filter>
    </ClInclude>
    <ClInclude Include="Source\System\ShapeRenderer.h">
      <Filter>Source\System</Filter>
    </ClInclude>
    <ClInclude Include="Source\System\Sprite.h">
      <Filter>Source\System</Filter>
    </ClInclude>
  </ItemGroup>
  <ItemGroup>
    <ClCompile Include="External\imgui-docking\imgui.cpp">
      <Filter>External\imgui-docking</Filter>
    </ClCompile>
    <ClCompile Include="External\imgui-docking\imgui_demo.cpp">
      <Filter>External\imgui-docking</Filter>
    </ClCompile>
    <ClCompile Include="External\imgui-docking\imgui_draw.cpp">
      <Filter>External\imgui-docking</Filter>
    </ClCompile>
    <ClCompile Include="External\imgui-docking\imgui_impl_dx11.cpp">
      <Filter>External\imgui-docking</Filter>
    </ClCompile>
    <ClCompile Include="External\imgui-docking\imgui_impl_win32.cpp">
      <Filter>External\imgui-docking</Filter>
    </ClCompile>
    <ClCompile Include="External\imgui-docking\imgui_widgets.cpp">
      <Filter>External\imgui-docking</Filter>
    </ClCompile>
    <ClCompile Include="Source\Camera.cpp">
      <Filter>Source</Filter>
    </ClCompile>
    <ClCompile Include="Source\CameraController.cpp">
      <Filter>Source</Filter>
    </ClCompile>
    <ClCompile Include="Source\Character.cpp">
      <Filter>Source</Filter>
    </ClCompile>
    <ClCompile Include="Source\Collision.cpp">
      <Filter>Source</Filter>
    </ClCompile>
    <ClCompile Include="Source\Framework.cpp">
      <Filter>Source</Filter>
    </ClCompile>
    <ClCompile Include="Source\Main.cpp">
      <Filter>Source</Filter>
    </ClCompile>
    <ClCompile Include="Source\MapManager.cpp">
      <Filter>Source</Filter>
    </ClCompile>
    <ClCompile Include="Source\Normal_Tile.cpp">
      <Filter>Source</Filter>
    </ClCompile>
    <ClCompile Include="Source\SceneGame.cpp">
      <Filter>Source</Filter>
    </ClCompile>
    <ClCompile Include="Source\SceneManager.cpp">
      <Filter>Source</Filter>
    </ClCompile>
    <ClCompile Include="Source\SceneSelect.cpp">
      <Filter>Source</Filter>
    </ClCompile>
    <ClCompile Include="Source\SceneTitle.cpp">
      <Filter>Source</Filter>
    </ClCompile>
    <ClCompile Include="Source\Stage.cpp">
      <Filter>Source</Filter>
    </ClCompile>
    <ClCompile Include="Source\Tile.cpp">
      <Filter>Source</Filter>
    </ClCompile>
    <ClCompile Include="Source\System\Audio.cpp">
      <Filter>Source\System</Filter>
    </ClCompile>
    <ClCompile Include="Source\System\AudioResource.cpp">
      <Filter>Source\System</Filter>
    </ClCompile>
    <ClCompile Include="Source\System\AudioSource.cpp">
      <Filter>Source\System</Filter>
    </ClCompile>
    <ClCompile Include="Source\System\BasicShader.cpp">
      <Filter>Source\System</Filter>
    </ClCompile>
    <ClCompile Include="Source\System\GamePad.cpp">
      <Filter>Source\System</Filter>
    </ClCompile>
    <ClCompile Include="Source\System\GpuResourceUtils.cpp">
      <Filter>Source\System</Filter>
    </ClCompile>
    <ClCompile Include="Source\System\Graphics.cpp">
      <Filter>Source\System</Filter>
    </ClCompile>
    <ClCompile Include="Source\System\ImGuiRenderer.cpp">
      <Filter>Source\System</Filter>
    </ClCompile>
    <ClCompile Include="Source\System\Input.cpp">
      <Filter>Source\System</Filter>
    </ClCompile>
    <ClCompile Include="Source\System\LambertShader.cpp">
      <Filter>Source\System</Filter>
    </ClCompile>
    <ClCompile Include="Source\System\Model.cpp">
      <Filter>Source\System</Filter>
    </ClCompile>
    <ClCompile Include="Source\System\ModelRenderer.cpp">
      <Filter>Source\System</Filter>
    </ClCompile>
    <ClCompile Include="Source\System\ModelResource.cpp">
      <Filter>Source\System</Filter>
    </ClCompile>
    <ClCompile Include="Source\System\Mouse.cpp">
      <Filter>Source\System</Filter>
    </ClCompile>
    <ClCompile Include="Source\System\RenderState.cpp">
      <Filter>Source\System</Filter>
    </ClCompile>
    <ClCompile Include="Source\System\ShapeRenderer.cpp">
      <Filter>Source\System</Filter>
    </ClCompile>
    <ClCompile Include="Source\System\Sprite.cpp">
      <Filter>Source\System</Filter>
    </ClCompile>
  </ItemGroup>
  <ItemGroup>
    <None Include="Shader\Sprite.hlsli">
      <Filter>Shader</Filter>
    </None>
    <None Include="Shader\ShapeRenderer.hlsli">
      <Filter>Shader</Filter>
    </None>
    <None Include="Shader\Skinning.hlsli">
      <Filter>Shader</Filter>
    </None>
    <None Include="Shader\PrimitiveRenderer.hlsli">
      <Filter>Shader</Filter>
    </None>
    <None Include="Shader\Basic.hlsli">
      <Filter>Shader</Filter>
    </None>
    <None Include="Shader\Lambert.hlsli">
      <Filter>Shader</Filter>
    </None>
    <None Include="Shader\Scene.hlsli">
      <Filter>Shader</Filter>
    </None>
  </ItemGroup>
  <ItemGroup>
    <FxCompile Include="Shader\SpriteVS.hlsl">
      <Filter>Shader</Filter>
    </FxCompile>
    <FxCompile Include="Shader\SpritePS.hlsl">
      <Filter>Shader</Filter>
    </FxCompile>
    <FxCompile Include="Shader\ShapeRendererVS.hlsl">
      <Filter>Shader</Filter>
    </FxCompile>
    <FxCompile Include="Shader\ShapeRendererPS.hlsl">
      <Filter>Shader</Filter>
    </FxCompile>
    <FxCompile Include="Shader\PrimitiveRendererVS.hlsl">
      <Filter>Shader</Filter>
    </FxCompile>
    <FxCompile Include="Shader\PrimitiveRendererPS.hlsl">
      <Filter>Shader</Filter>
    </FxCompile>
    <FxCompile Include="Shader\BasicPS.hlsl">
      <Filter>Shader</Filter>
    </FxCompile>
    <FxCompile Include="Shader\BasicVS.hlsl">
      <Filter>Shader</Filter>
    </FxCompile>
    <FxCompile Include="Shader\LambertPS.hlsl">
      <Filter>Shader</Filter>
    </FxCompile>
    <FxCompile Include="Shader\LambertVS.hlsl">
      <Filter>Shader</Filter>
    </FxCompile>
  </ItemGroup>
</Project>